
Microsoft Visual Studio Solution File, Format Version 12.00
# Visual Studio Version 16
VisualStudioVersion = 16.0.30413.136
MinimumVisualStudioVersion = 10.0.40219.1
Project("{FAE04EC0-301F-11D3-BF4B-00C04F79EFBC}") = "Bank", "Bank\Bank.csproj", "{2FA7880B-9A7A-4DE5-B8B9-E79D3816C97E}"
EndProject
Project("{FAE04EC0-301F-11D3-BF4B-00C04F79EFBC}") = "Book", "Book\Book.csproj", "{6BEE158C-6EEA-44A0-8914-8AD131B2349C}"
EndProject
Project("{FAE04EC0-301F-11D3-BF4B-00C04F79EFBC}") = "Newspaper1", "Newspaper1\Newspaper1.csproj", "{F387BC2C-7F11-4849-A43F-B7067804B7B5}"
EndProject
Global
	GlobalSection(SolutionConfigurationPlatforms) = preSolution
		Debug|Any CPU = Debug|Any CPU
		Release|Any CPU = Release|Any CPU
	EndGlobalSection
	GlobalSection(ProjectConfigurationPlatforms) = postSolution
		{2FA7880B-9A7A-4DE5-B8B9-E79D3816C97E}.Debug|Any CPU.ActiveCfg = Debug|Any CPU
		{2FA7880B-9A7A-4DE5-B8B9-E79D3816C97E}.Debug|Any CPU.Build.0 = Debug|Any CPU
		{2FA7880B-9A7A-4DE5-B8B9-E79D3816C97E}.Release|Any CPU.ActiveCfg = Release|Any CPU
		{2FA7880B-9A7A-4DE5-B8B9-E79D3816C97E}.Release|Any CPU.Build.0 = Release|Any CPU
		{6BEE158C-6EEA-44A0-8914-8AD131B2349C}.Debug|Any CPU.ActiveCfg = Debug|Any CPU
		{6BEE158C-6EEA-44A0-8914-8AD131B2349C}.Debug|Any CPU.Build.0 = Debug|Any CPU
		{6BEE158C-6EEA-44A0-8914-8AD131B2349C}.Release|Any CPU.ActiveCfg = Release|Any CPU
		{6BEE158C-6EEA-44A0-8914-8AD131B2349C}.Release|Any CPU.Build.0 = Release|Any CPU
		{F387BC2C-7F11-4849-A43F-B7067804B7B5}.Debug|Any CPU.ActiveCfg = Debug|Any CPU
		{F387BC2C-7F11-4849-A43F-B7067804B7B5}.Debug|Any CPU.Build.0 = Debug|Any CPU
		{F387BC2C-7F11-4849-A43F-B7067804B7B5}.Release|Any CPU.ActiveCfg = Release|Any CPU
		{F387BC2C-7F11-4849-A43F-B7067804B7B5}.Release|Any CPU.Build.0 = Release|Any CPU
	EndGlobalSection
	GlobalSection(SolutionProperties) = preSolution
		HideSolutionNode = FALSE
	EndGlobalSection
	GlobalSection(ExtensibilityGlobals) = postSolution
		SolutionGuid = {17161587-8662-4641-B08F-D7B883204006}
	EndGlobalSection
EndGlobal
