
Microsoft Visual Studio Solution File, Format Version 12.00
# Visual Studio Version 16
VisualStudioVersion = 16.0.30413.136
MinimumVisualStudioVersion = 10.0.40219.1
Project("{FAE04EC0-301F-11D3-BF4B-00C04F79EFBC}") = "HRM", "HRM\HRM.csproj", "{8FDEDC17-432F-4957-B50D-2CF4A2230A0D}"
EndProject
Global
	GlobalSection(SolutionConfigurationPlatforms) = preSolution
		Debug|Any CPU = Debug|Any CPU
		Release|Any CPU = Release|Any CPU
	EndGlobalSection
	GlobalSection(ProjectConfigurationPlatforms) = postSolution
		{8FDEDC17-432F-4957-B50D-2CF4A2230A0D}.Debug|Any CPU.ActiveCfg = Debug|Any CPU
		{8FDEDC17-432F-4957-B50D-2CF4A2230A0D}.Debug|Any CPU.Build.0 = Debug|Any CPU
		{8FDEDC17-432F-4957-B50D-2CF4A2230A0D}.Release|Any CPU.ActiveCfg = Release|Any CPU
		{8FDEDC17-432F-4957-B50D-2CF4A2230A0D}.Release|Any CPU.Build.0 = Release|Any CPU
	EndGlobalSection
	GlobalSection(SolutionProperties) = preSolution
		HideSolutionNode = FALSE
	EndGlobalSection
	GlobalSection(ExtensibilityGlobals) = postSolution
		SolutionGuid = {0B4E2109-C602-400B-8FE6-E0C2B60858A5}
	EndGlobalSection
EndGlobal
